
Microsoft Visual Studio Solution File, Format Version 12.00
# Visual Studio Version 16
VisualStudioVersion = 16.0.31005.135
MinimumVisualStudioVersion = 10.0.40219.1
Project("{9A19103F-16F7-4668-BE54-9A1E7A4F7556}") = "Test_IBAGruop_RVS", "Test_IBAGruop_RVS\Test_IBAGruop_RVS.csproj", "{EC3BDC50-48FC-4304-9065-AD60C0F58C01}"
EndProject
Global
	GlobalSection(SolutionConfigurationPlatforms) = preSolution
		Debug|Any CPU = Debug|Any CPU
		Release|Any CPU = Release|Any CPU
	EndGlobalSection
	GlobalSection(ProjectConfigurationPlatforms) = postSolution
		{EC3BDC50-48FC-4304-9065-AD60C0F58C01}.Debug|Any CPU.ActiveCfg = Debug|Any CPU
		{EC3BDC50-48FC-4304-9065-AD60C0F58C01}.Debug|Any CPU.Build.0 = Debug|Any CPU
		{EC3BDC50-48FC-4304-9065-AD60C0F58C01}.Release|Any CPU.ActiveCfg = Release|Any CPU
		{EC3BDC50-48FC-4304-9065-AD60C0F58C01}.Release|Any CPU.Build.0 = Release|Any CPU
	EndGlobalSection
	GlobalSection(SolutionProperties) = preSolution
		HideSolutionNode = FALSE
	EndGlobalSection
	GlobalSection(ExtensibilityGlobals) = postSolution
		SolutionGuid = {EA1FAD92-5757-4627-BA52-5F39D0DA8703}
	EndGlobalSection
EndGlobal
